Microsoft Visual Studio Solution File, Format Version 11.00
# Visual Studio 2008

Project("{AC546F1F-FF78-0B1B-3D9B-1E8E9BA9F6D9}") = "Reaper", "Assembly-CSharp-firstpass.csproj", "{C26DB867-C068-A3C0-72A8-FE5A5A5FE0E6}"
EndProject
Project("{AC546F1F-FF78-0B1B-3D9B-1E8E9BA9F6D9}") = "Reaper", "Assembly-CSharp.csproj", "{9159D0CA-B92E-88BD-BEA9-7BB8E9195AA7}"
EndProject
Global
	GlobalSection(SolutionConfigurationPlatforms) = preSolution
		Debug|Any CPU = Debug|Any CPU
		Release|Any CPU = Release|Any CPU
	EndGlobalSection
	GlobalSection(ProjectConfigurationPlatforms) = postSolution
		{C26DB867-C068-A3C0-72A8-FE5A5A5FE0E6}.Debug|Any CPU.ActiveCfg = Debug|Any CPU
		{C26DB867-C068-A3C0-72A8-FE5A5A5FE0E6}.Debug|Any CPU.Build.0 = Debug|Any CPU
		{C26DB867-C068-A3C0-72A8-FE5A5A5FE0E6}.Release|Any CPU.ActiveCfg = Release|Any CPU
		{C26DB867-C068-A3C0-72A8-FE5A5A5FE0E6}.Release|Any CPU.Build.0 = Release|Any CPU
		{9159D0CA-B92E-88BD-BEA9-7BB8E9195AA7}.Debug|Any CPU.ActiveCfg = Debug|Any CPU
		{9159D0CA-B92E-88BD-BEA9-7BB8E9195AA7}.Debug|Any CPU.Build.0 = Debug|Any CPU
		{9159D0CA-B92E-88BD-BEA9-7BB8E9195AA7}.Release|Any CPU.ActiveCfg = Release|Any CPU
		{9159D0CA-B92E-88BD-BEA9-7BB8E9195AA7}.Release|Any CPU.Build.0 = Release|Any CPU
	EndGlobalSection
	GlobalSection(SolutionProperties) = preSolution
		HideSolutionNode = FALSE
	EndGlobalSection
	GlobalSection(MonoDevelopProperties) = preSolution
		StartupItem = Assembly-CSharp.csproj
	EndGlobalSection
EndGlobal
